
Microsoft Visual Studio Solution File, Format Version 12.00
# Visual Studio Version 16
VisualStudioVersion = 16.0.30114.105
MinimumVisualStudioVersion = 10.0.40219.1
Project("{FAE04EC0-301F-11D3-BF4B-00C04F79EFBC}") = "Singleton", "Singleton.csproj", "{367E2D94-A66A-4947-A39F-DF19F633F1A5}"
EndProject
Project("{FAE04EC0-301F-11D3-BF4B-00C04F79EFBC}") = "Strategy", "..\Strategy\Strategy.csproj", "{4208480F-059D-40C2-891E-2913DFB94C03}"
EndProject
Project("{FAE04EC0-301F-11D3-BF4B-00C04F79EFBC}") = "Decorator", "..\Decorator\Decorator.csproj", "{B36F11FA-42A9-4016-B82B-903748E39DFE}"
EndProject
Global
	GlobalSection(SolutionConfigurationPlatforms) = preSolution
		Debug|Any CPU = Debug|Any CPU
		Release|Any CPU = Release|Any CPU
	EndGlobalSection
	GlobalSection(ProjectConfigurationPlatforms) = postSolution
		{367E2D94-A66A-4947-A39F-DF19F633F1A5}.Debug|Any CPU.ActiveCfg = Debug|Any CPU
		{367E2D94-A66A-4947-A39F-DF19F633F1A5}.Debug|Any CPU.Build.0 = Debug|Any CPU
		{367E2D94-A66A-4947-A39F-DF19F633F1A5}.Release|Any CPU.ActiveCfg = Release|Any CPU
		{367E2D94-A66A-4947-A39F-DF19F633F1A5}.Release|Any CPU.Build.0 = Release|Any CPU
		{4208480F-059D-40C2-891E-2913DFB94C03}.Debug|Any CPU.ActiveCfg = Debug|Any CPU
		{4208480F-059D-40C2-891E-2913DFB94C03}.Debug|Any CPU.Build.0 = Debug|Any CPU
		{4208480F-059D-40C2-891E-2913DFB94C03}.Release|Any CPU.ActiveCfg = Release|Any CPU
		{4208480F-059D-40C2-891E-2913DFB94C03}.Release|Any CPU.Build.0 = Release|Any CPU
		{B36F11FA-42A9-4016-B82B-903748E39DFE}.Debug|Any CPU.ActiveCfg = Debug|Any CPU
		{B36F11FA-42A9-4016-B82B-903748E39DFE}.Debug|Any CPU.Build.0 = Debug|Any CPU
		{B36F11FA-42A9-4016-B82B-903748E39DFE}.Release|Any CPU.ActiveCfg = Release|Any CPU
		{B36F11FA-42A9-4016-B82B-903748E39DFE}.Release|Any CPU.Build.0 = Release|Any CPU
	EndGlobalSection
	GlobalSection(SolutionProperties) = preSolution
		HideSolutionNode = FALSE
	EndGlobalSection
	GlobalSection(ExtensibilityGlobals) = postSolution
		SolutionGuid = {355ABEC9-695A-4385-9272-7C78AE808386}
	EndGlobalSection
EndGlobal
