
Microsoft Visual Studio Solution File, Format Version 12.00
# Visual Studio Version 16
VisualStudioVersion = 16.0.30114.105
MinimumVisualStudioVersion = 10.0.40219.1
Project("{FAE04EC0-301F-11D3-BF4B-00C04F79EFBC}") = "SingleResponsability", "SingleResponsability\SingleResponsability.csproj", "{D61FA9B5-9B3A-49F7-B3BA-58C1E6B98F24}"
EndProject
Project("{FAE04EC0-301F-11D3-BF4B-00C04F79EFBC}") = "ViolacaoOCP", "..\..\..\Users\Escolar Manager\Desktop\ExemploOCP\ViolacaoOCP.csproj", "{8442088B-5E68-4C39-A168-167AC8DD6738}"
EndProject
Project("{FAE04EC0-301F-11D3-BF4B-00C04F79EFBC}") = "SubstituicaoDeLiskov", "SubstituicaoDeLiskov\SubstituicaoDeLiskov.csproj", "{3BCF96BF-B262-4DEF-9FF7-00D8169B6F52}"
EndProject
Project("{FAE04EC0-301F-11D3-BF4B-00C04F79EFBC}") = "InterfaceSegregation", "InterfaceSegregation\InterfaceSegregation.csproj", "{72962BD0-5360-4291-8828-C01F02A8B719}"
EndProject
Global
	GlobalSection(SolutionConfigurationPlatforms) = preSolution
		Debug|Any CPU = Debug|Any CPU
		Release|Any CPU = Release|Any CPU
	EndGlobalSection
	GlobalSection(ProjectConfigurationPlatforms) = postSolution
		{D61FA9B5-9B3A-49F7-B3BA-58C1E6B98F24}.Debug|Any CPU.ActiveCfg = Debug|Any CPU
		{D61FA9B5-9B3A-49F7-B3BA-58C1E6B98F24}.Debug|Any CPU.Build.0 = Debug|Any CPU
		{D61FA9B5-9B3A-49F7-B3BA-58C1E6B98F24}.Release|Any CPU.ActiveCfg = Release|Any CPU
		{D61FA9B5-9B3A-49F7-B3BA-58C1E6B98F24}.Release|Any CPU.Build.0 = Release|Any CPU
		{8442088B-5E68-4C39-A168-167AC8DD6738}.Debug|Any CPU.ActiveCfg = Debug|Any CPU
		{8442088B-5E68-4C39-A168-167AC8DD6738}.Debug|Any CPU.Build.0 = Debug|Any CPU
		{8442088B-5E68-4C39-A168-167AC8DD6738}.Release|Any CPU.ActiveCfg = Release|Any CPU
		{8442088B-5E68-4C39-A168-167AC8DD6738}.Release|Any CPU.Build.0 = Release|Any CPU
		{3BCF96BF-B262-4DEF-9FF7-00D8169B6F52}.Debug|Any CPU.ActiveCfg = Debug|Any CPU
		{3BCF96BF-B262-4DEF-9FF7-00D8169B6F52}.Debug|Any CPU.Build.0 = Debug|Any CPU
		{3BCF96BF-B262-4DEF-9FF7-00D8169B6F52}.Release|Any CPU.ActiveCfg = Release|Any CPU
		{3BCF96BF-B262-4DEF-9FF7-00D8169B6F52}.Release|Any CPU.Build.0 = Release|Any CPU
		{72962BD0-5360-4291-8828-C01F02A8B719}.Debug|Any CPU.ActiveCfg = Debug|Any CPU
		{72962BD0-5360-4291-8828-C01F02A8B719}.Debug|Any CPU.Build.0 = Debug|Any CPU
		{72962BD0-5360-4291-8828-C01F02A8B719}.Release|Any CPU.ActiveCfg = Release|Any CPU
		{72962BD0-5360-4291-8828-C01F02A8B719}.Release|Any CPU.Build.0 = Release|Any CPU
	EndGlobalSection
	GlobalSection(SolutionProperties) = preSolution
		HideSolutionNode = FALSE
	EndGlobalSection
	GlobalSection(ExtensibilityGlobals) = postSolution
		SolutionGuid = {397CEF7B-4121-4208-AB44-9C457206962B}
	EndGlobalSection
EndGlobal
